
Microsoft Visual Studio Solution File, Format Version 12.00
# Visual Studio 2013
VisualStudioVersion = 12.0.21005.1
MinimumVisualStudioVersion = 10.0.40219.1
Project("{FAE04EC0-301F-11D3-BF4B-00C04F79EFBC}") = "CMPR.StudentRegistration", "CMPR.StudentRegistration\CMPR.StudentRegistration.csproj", "{52D4123D-1C6C-4505-9368-11AF4E382F11}"
	ProjectSection(ProjectDependencies) = postProject
		{25786F64-468A-436D-8329-3042E8CDD6FE} = {25786F64-468A-436D-8329-3042E8CDD6FE}
	EndProjectSection
EndProject
Project("{FAE04EC0-301F-11D3-BF4B-00C04F79EFBC}") = "CMPR.DomainFacultyHelper", "CMPR.DomainFacultyHelper\CMPR.DomainFacultyHelper.csproj", "{25786F64-468A-436D-8329-3042E8CDD6FE}"
EndProject
Project("{FAE04EC0-301F-11D3-BF4B-00C04F79EFBC}") = "CMPR.ReceiptGeneration", "DXApplication1\CMPR.ReceiptGeneration\CMPR.ReceiptGeneration.csproj", "{FF88655E-6BF4-496F-953F-D7F1AB89DA91}"
EndProject
Global
	GlobalSection(SolutionConfigurationPlatforms) = preSolution
		Debug|Any CPU = Debug|Any CPU
		Release|Any CPU = Release|Any CPU
	EndGlobalSection
	GlobalSection(ProjectConfigurationPlatforms) = postSolution
		{52D4123D-1C6C-4505-9368-11AF4E382F11}.Debug|Any CPU.ActiveCfg = Debug|Any CPU
		{52D4123D-1C6C-4505-9368-11AF4E382F11}.Debug|Any CPU.Build.0 = Debug|Any CPU
		{52D4123D-1C6C-4505-9368-11AF4E382F11}.Release|Any CPU.ActiveCfg = Release|Any CPU
		{52D4123D-1C6C-4505-9368-11AF4E382F11}.Release|Any CPU.Build.0 = Release|Any CPU
		{25786F64-468A-436D-8329-3042E8CDD6FE}.Debug|Any CPU.ActiveCfg = Debug|Any CPU
		{25786F64-468A-436D-8329-3042E8CDD6FE}.Debug|Any CPU.Build.0 = Debug|Any CPU
		{25786F64-468A-436D-8329-3042E8CDD6FE}.Release|Any CPU.ActiveCfg = Release|Any CPU
		{25786F64-468A-436D-8329-3042E8CDD6FE}.Release|Any CPU.Build.0 = Release|Any CPU
		{FF88655E-6BF4-496F-953F-D7F1AB89DA91}.Debug|Any CPU.ActiveCfg = Debug|Any CPU
		{FF88655E-6BF4-496F-953F-D7F1AB89DA91}.Debug|Any CPU.Build.0 = Debug|Any CPU
		{FF88655E-6BF4-496F-953F-D7F1AB89DA91}.Release|Any CPU.ActiveCfg = Release|Any CPU
		{FF88655E-6BF4-496F-953F-D7F1AB89DA91}.Release|Any CPU.Build.0 = Release|Any CPU
	EndGlobalSection
	GlobalSection(SolutionProperties) = preSolution
		HideSolutionNode = FALSE
	EndGlobalSection
EndGlobal
